
Microsoft Visual Studio Solution File, Format Version 12.00
# Visual Studio Version 17
VisualStudioVersion = 17.4.33213.308
MinimumVisualStudioVersion = 10.0.40219.1
Project("{2150E333-8FDC-42A3-9474-1A3956D46DE8}") = "cs", "cs", "{6AD577AB-8887-44AF-B53A-E93AE1527777}"
EndProject
Project("{FAE04EC0-301F-11D3-BF4B-00C04F79EFBC}") = "TCWCE-CSharp", "src\cs\TCWCE-CSharp\TCWCE-CSharp.csproj", "{8FA152F9-0337-46D4-AE64-9FA0AB7D0A3C}"
EndProject
Project("{FAE04EC0-301F-11D3-BF4B-00C04F79EFBC}") = "Debug", "src\cs\Debug\Debug.csproj", "{C38DDF00-6DD3-4F01-87DD-CAA3F1984E92}"
EndProject
Global
	GlobalSection(SolutionConfigurationPlatforms) = preSolution
		Debug|Any CPU = Debug|Any CPU
		Release|Any CPU = Release|Any CPU
	EndGlobalSection
	GlobalSection(ProjectConfigurationPlatforms) = postSolution
		{8FA152F9-0337-46D4-AE64-9FA0AB7D0A3C}.Debug|Any CPU.ActiveCfg = Debug|Any CPU
		{8FA152F9-0337-46D4-AE64-9FA0AB7D0A3C}.Debug|Any CPU.Build.0 = Debug|Any CPU
		{8FA152F9-0337-46D4-AE64-9FA0AB7D0A3C}.Release|Any CPU.ActiveCfg = Release|Any CPU
		{8FA152F9-0337-46D4-AE64-9FA0AB7D0A3C}.Release|Any CPU.Build.0 = Release|Any CPU
		{C38DDF00-6DD3-4F01-87DD-CAA3F1984E92}.Debug|Any CPU.ActiveCfg = Debug|Any CPU
		{C38DDF00-6DD3-4F01-87DD-CAA3F1984E92}.Debug|Any CPU.Build.0 = Debug|Any CPU
		{C38DDF00-6DD3-4F01-87DD-CAA3F1984E92}.Release|Any CPU.ActiveCfg = Release|Any CPU
		{C38DDF00-6DD3-4F01-87DD-CAA3F1984E92}.Release|Any CPU.Build.0 = Release|Any CPU
	EndGlobalSection
	GlobalSection(SolutionProperties) = preSolution
		HideSolutionNode = FALSE
	EndGlobalSection
	GlobalSection(NestedProjects) = preSolution
		{8FA152F9-0337-46D4-AE64-9FA0AB7D0A3C} = {6AD577AB-8887-44AF-B53A-E93AE1527777}
		{C38DDF00-6DD3-4F01-87DD-CAA3F1984E92} = {6AD577AB-8887-44AF-B53A-E93AE1527777}
	EndGlobalSection
	GlobalSection(ExtensibilityGlobals) = postSolution
		SolutionGuid = {5BCB981E-46CB-43E0-AAB3-C9E607B60626}
	EndGlobalSection
EndGlobal
